{
  "name": "ai_summary_app",
  "lockfileVersion": 3,
  "requires": true,
  "packages": {
    "": {
      "dependencies": {
        "@geekjourneyx/md2wechat": "^2.5.0",
        "zsxq-cli": "^0.4.9"
      }
    },
    "node_modules/@geekjourneyx/md2wechat": {
      "version": "2.5.0",
      "resolved": "https://registry.npmjs.org/@geekjourneyx/md2wechat/-/md2wechat-2.5.0.tgz",
      "integrity": "sha512-5MhiZLM2KafRE17x1Oq76CreAmzQwpFWZF4i8s8suQRKwgy21ILPOwTwOQfIrzGfLKGoGBU0SgyMx/K6KT9RAQ==",
      "hasInstallScript": true,
      "license": "SEE LICENSE IN LICENSE",
      "bin": {
        "md2wechat": "scripts/run.js"
      },
      "engines": {
        "node": ">=18"
      }
    },
    "node_modules/@zsxq/cli-darwin-arm64": {
      "version": "0.4.9",
      "resolved": "https://registry.npmjs.org/@zsxq/cli-darwin-arm64/-/cli-darwin-arm64-0.4.9.tgz",
      "integrity": "sha512-xL7i47uNd8Tgmj/r72l2x8LpZYNUxLziusqyrJhYNVSf4uI1Gs8AuLdg5pvLerrvf9Mgboanw5HS115AJJv1dg==",
      "cpu": [
        "arm64"
      ],
      "license": "Apache-2.0",
      "optional": true,
      "os": [
        "darwin"
      ],
      "bin": {
        "zsxq-cli": "bin/zsxq-cli"
      }
    },
    "node_modules/@zsxq/cli-darwin-x64": {
      "version": "0.4.9",
      "resolved": "https://registry.npmjs.org/@zsxq/cli-darwin-x64/-/cli-darwin-x64-0.4.9.tgz",
      "integrity": "sha512-pqrx6R8w+JcxTvbQD9sT03oyX3SpveusTgoojPtbbj9JUVu3xk6YCK83CZG0oeCGu+g58DyeBMdfOB5/ZYc+Dg==",
      "cpu": [
        "x64"
      ],
      "license": "Apache-2.0",
      "optional": true,
      "os": [
        "darwin"
      ],
      "bin": {
        "zsxq-cli": "bin/zsxq-cli"
      }
    },
    "node_modules/@zsxq/cli-linux-arm64": {
      "version": "0.4.9",
      "resolved": "https://registry.npmjs.org/@zsxq/cli-linux-arm64/-/cli-linux-arm64-0.4.9.tgz",
      "integrity": "sha512-kAUGM1Hv5CqQZBAyoTAzGwtPMP50XhWLJhDYLmLq4TQ9SybVBwcXsDredJSGOUvlpNGE+tLoOfgOIqNce8NXTQ==",
      "cpu": [
        "arm64"
      ],
      "license": "Apache-2.0",
      "optional": true,
      "os": [
        "linux"
      ],
      "bin": {
        "zsxq-cli": "bin/zsxq-cli"
      }
    },
    "node_modules/@zsxq/cli-linux-x64": {
      "version": "0.4.9",
      "resolved": "https://registry.npmjs.org/@zsxq/cli-linux-x64/-/cli-linux-x64-0.4.9.tgz",
      "integrity": "sha512-I3fci9ma3ZuvUCHTZmmASiUDkREnGzFUl5zgsTUojcM5VjtjeiDa7Rop6kWkjAtI2oQKFj63X45HfDNtogG+fg==",
      "cpu": [
        "x64"
      ],
      "license": "Apache-2.0",
      "optional": true,
      "os": [
        "linux"
      ],
      "bin": {
        "zsxq-cli": "bin/zsxq-cli"
      }
    },
    "node_modules/@zsxq/cli-win32-arm64": {
      "version": "0.4.9",
      "resolved": "https://registry.npmjs.org/@zsxq/cli-win32-arm64/-/cli-win32-arm64-0.4.9.tgz",
      "integrity": "sha512-4/JHjtInQiofCx+V7HnLoARQo4YU6vebJg+52zLQa3m6JjBKGmtRFjsM1pAzlFuuAvVYcyMB7tXiUTTQ35rX9Q==",
      "cpu": [
        "arm64"
      ],
      "license": "Apache-2.0",
      "optional": true,
      "os": [
        "win32"
      ],
      "bin": {
        "zsxq-cli": "bin/zsxq-cli.exe"
      }
    },
    "node_modules/@zsxq/cli-win32-x64": {
      "version": "0.4.9",
      "resolved": "https://registry.npmjs.org/@zsxq/cli-win32-x64/-/cli-win32-x64-0.4.9.tgz",
      "integrity": "sha512-64K1w8bQ2qhpTkVXJ3EFJazifo6PlUnAyLVNyAm3hfW3/CaSlSbzHvyPYHGU4qq/N00hvTsrbenJKuzepe345A==",
      "cpu": [
        "x64"
      ],
      "license": "Apache-2.0",
      "optional": true,
      "os": [
        "win32"
      ],
      "bin": {
        "zsxq-cli": "bin/zsxq-cli.exe"
      }
    },
    "node_modules/zsxq-cli": {
      "version": "0.4.9",
      "resolved": "https://registry.npmjs.org/zsxq-cli/-/zsxq-cli-0.4.9.tgz",
      "integrity": "sha512-2a5JKvD9BVaKsOpmfPmez6BP8b8ilO+plvsU2HQEqdCJogp7Dogh77vvHfC4JpFzk3RfjCl2P/yi+2jfXPF/2Q==",
      "cpu": [
        "x64",
        "arm64"
      ],
      "license": "Apache-2.0",
      "os": [
        "darwin",
        "linux",
        "win32"
      ],
      "bin": {
        "zsxq-cli": "npm/scripts/zsxq-cli.js"
      },
      "engines": {
        "node": ">=16"
      },
      "optionalDependencies": {
        "@zsxq/cli-darwin-arm64": "0.4.9",
        "@zsxq/cli-darwin-x64": "0.4.9",
        "@zsxq/cli-linux-arm64": "0.4.9",
        "@zsxq/cli-linux-x64": "0.4.9",
        "@zsxq/cli-win32-arm64": "0.4.9",
        "@zsxq/cli-win32-x64": "0.4.9"
      }
    }
  }
}
